
Microsoft Visual Studio Solution File, Format Version 12.00
# Visual Studio Version 17
VisualStudioVersion = 17.0.31903.59
MinimumVisualStudioVersion = 10.0.40219.1
Project("{FAE04EC0-301F-11D3-BF4B-00C04F79EFBC}") = "ContactosAPI", "ContactosAPI\ContactosAPI.csproj", "{31634C86-2A2F-4C9A-88A3-D9D794E7E498}"
EndProject
Project("{FAE04EC0-301F-11D3-BF4B-00C04F79EFBC}") = "ContactosAPI.Tests", "ContactosAPI.Tests\ContactosAPI.Tests.csproj", "{216FD990-A69F-42C3-A89D-958B51784C74}"
EndProject
Global
	GlobalSection(SolutionConfigurationPlatforms) = preSolution
		Debug|Any CPU = Debug|Any CPU
		Release|Any CPU = Release|Any CPU
	EndGlobalSection
	GlobalSection(SolutionProperties) = preSolution
		HideSolutionNode = FALSE
	EndGlobalSection
	GlobalSection(ProjectConfigurationPlatforms) = postSolution
		{31634C86-2A2F-4C9A-88A3-D9D794E7E498}.Debug|Any CPU.ActiveCfg = Debug|Any CPU
		{31634C86-2A2F-4C9A-88A3-D9D794E7E498}.Debug|Any CPU.Build.0 = Debug|Any CPU
		{31634C86-2A2F-4C9A-88A3-D9D794E7E498}.Release|Any CPU.ActiveCfg = Release|Any CPU
		{31634C86-2A2F-4C9A-88A3-D9D794E7E498}.Release|Any CPU.Build.0 = Release|Any CPU
		{216FD990-A69F-42C3-A89D-958B51784C74}.Debug|Any CPU.ActiveCfg = Debug|Any CPU
		{216FD990-A69F-42C3-A89D-958B51784C74}.Debug|Any CPU.Build.0 = Debug|Any CPU
		{216FD990-A69F-42C3-A89D-958B51784C74}.Release|Any CPU.ActiveCfg = Release|Any CPU
		{216FD990-A69F-42C3-A89D-958B51784C74}.Release|Any CPU.Build.0 = Release|Any CPU
	EndGlobalSection
EndGlobal
